
Microsoft Visual Studio Solution File, Format Version 12.00
# Visual Studio Version 17
VisualStudioVersion = 17.8.34322.80
MinimumVisualStudioVersion = 10.0.40219.1
Project("{9A19103F-16F7-4668-BE54-9A1E7A4F7556}") = "WindowsFormsAppProject", "WindowsFormsAppProject\WindowsFormsAppProject.csproj", "{ABA7D2C0-7062-4398-A495-56F0C77E9623}"
EndProject
Project("{9A19103F-16F7-4668-BE54-9A1E7A4F7556}") = "BusinessServices", "BusinessServices\BusinessServices.csproj", "{DCDA72F7-AB62-49D9-B36F-E76ACDC86AD7}"
EndProject
Project("{9A19103F-16F7-4668-BE54-9A1E7A4F7556}") = "DataLayer", "DataLayer\DataLayer.csproj", "{5C6AD2CA-CD6F-47BB-BDD0-6A87CC90533E}"
EndProject
Global
	GlobalSection(SolutionConfigurationPlatforms) = preSolution
		Debug|Any CPU = Debug|Any CPU
		Release|Any CPU = Release|Any CPU
	EndGlobalSection
	GlobalSection(ProjectConfigurationPlatforms) = postSolution
		{ABA7D2C0-7062-4398-A495-56F0C77E9623}.Debug|Any CPU.ActiveCfg = Debug|Any CPU
		{ABA7D2C0-7062-4398-A495-56F0C77E9623}.Debug|Any CPU.Build.0 = Debug|Any CPU
		{ABA7D2C0-7062-4398-A495-56F0C77E9623}.Release|Any CPU.ActiveCfg = Release|Any CPU
		{ABA7D2C0-7062-4398-A495-56F0C77E9623}.Release|Any CPU.Build.0 = Release|Any CPU
		{DCDA72F7-AB62-49D9-B36F-E76ACDC86AD7}.Debug|Any CPU.ActiveCfg = Debug|Any CPU
		{DCDA72F7-AB62-49D9-B36F-E76ACDC86AD7}.Debug|Any CPU.Build.0 = Debug|Any CPU
		{DCDA72F7-AB62-49D9-B36F-E76ACDC86AD7}.Release|Any CPU.ActiveCfg = Release|Any CPU
		{DCDA72F7-AB62-49D9-B36F-E76ACDC86AD7}.Release|Any CPU.Build.0 = Release|Any CPU
		{5C6AD2CA-CD6F-47BB-BDD0-6A87CC90533E}.Debug|Any CPU.ActiveCfg = Debug|Any CPU
		{5C6AD2CA-CD6F-47BB-BDD0-6A87CC90533E}.Debug|Any CPU.Build.0 = Debug|Any CPU
		{5C6AD2CA-CD6F-47BB-BDD0-6A87CC90533E}.Release|Any CPU.ActiveCfg = Release|Any CPU
		{5C6AD2CA-CD6F-47BB-BDD0-6A87CC90533E}.Release|Any CPU.Build.0 = Release|Any CPU
	EndGlobalSection
	GlobalSection(SolutionProperties) = preSolution
		HideSolutionNode = FALSE
	EndGlobalSection
	GlobalSection(ExtensibilityGlobals) = postSolution
		SolutionGuid = {B1796525-4C09-4DFA-AD22-8609EBB8DF4F}
	EndGlobalSection
EndGlobal
